// !$*UTF8*$!
{
	archiveVersion = 1;
	classes = {
	};
	objectVersion = 55;
	objects = {

/* Begin PBXBuildFile section */
		30CBFF5327AAE61A0027C97C /* AppDelegate.swift in Sources */ = {isa = PBXBuildFile; fileRef = 30CBFF5227AAE61A0027C97C /* AppDelegate.swift */; };
		30CBFF5527AAE61A0027C97C /* SceneDelegate.swift in Sources */ = {isa = PBXBuildFile; fileRef = 30CBFF5427AAE61A0027C97C /* SceneDelegate.swift */; };
		30CBFF5A27AAE61A0027C97C /* Main.storyboard in Resources */ = {isa = PBXBuildFile; fileRef = 30CBFF5827AAE61A0027C97C /* Main.storyboard */; };
		30CBFF5C27AAE61C0027C97C /* Assets.xcassets in Resources */ = {isa = PBXBuildFile; fileRef = 30CBFF5B27AAE61C0027C97C /* Assets.xcassets */; };
		30CBFF5F27AAE61C0027C97C /* LaunchScreen.storyboard in Resources */ = {isa = PBXBuildFile; fileRef = 30CBFF5D27AAE61C0027C97C /* LaunchScreen.storyboard */; };
		30CBFF6827AAE73E0027C97C /* AppStep.swift in Sources */ = {isa = PBXBuildFile; fileRef = 30CBFF6727AAE73E0027C97C /* AppStep.swift */; };
		30CBFF6D27AAE7EF0027C97C /* LoginViewController.swift in Sources */ = {isa = PBXBuildFile; fileRef = 30CBFF6B27AAE7EF0027C97C /* LoginViewController.swift */; };
		30CBFF6E27AAE7EF0027C97C /* LoginViewController.xib in Resources */ = {isa = PBXBuildFile; fileRef = 30CBFF6C27AAE7EF0027C97C /* LoginViewController.xib */; };
		30CBFF7127AAE88B0027C97C /* LoginFlow.swift in Sources */ = {isa = PBXBuildFile; fileRef = 30CBFF7027AAE88B0027C97C /* LoginFlow.swift */; };
		B98CA256E8F165B40AFB902C /* Pods_simple_mvvm.framework in Frameworks */ = {isa = PBXBuildFile; fileRef = 3AC4A3EB9232588E767FAB04 /* Pods_simple_mvvm.framework */; };
/* End PBXBuildFile section */

/* Begin PBXFileReference section */
		30CBFF4F27AAE61A0027C97C /* simple-mvvm.app */ = {isa = PBXFileReference; explicitFileType = wrapper.application; includeInIndex = 0; path = "simple-mvvm.app"; sourceTree = BUILT_PRODUCTS_DIR; };
		30CBFF5227AAE61A0027C97C /* AppDelegate.swift */ = {isa = PBXFileReference; lastKnownFileType = sourcecode.swift; path = AppDelegate.swift; sourceTree = "<group>"; };
		30CBFF5427AAE61A0027C97C /* SceneDelegate.swift */ = {isa = PBXFileReference; lastKnownFileType = sourcecode.swift; path = SceneDelegate.swift; sourceTree = "<group>"; };
		30CBFF5927AAE61A0027C97C /* Base */ = {isa = PBXFileReference; lastKnownFileType = file.storyboard; name = Base; path = Base.lproj/Main.storyboard; sourceTree = "<group>"; };
		30CBFF5B27AAE61C0027C97C /* Assets.xcassets */ = {isa = PBXFileReference; lastKnownFileType = folder.assetcatalog; path = Assets.xcassets; sourceTree = "<group>"; };
		30CBFF5E27AAE61C0027C97C /* Base */ = {isa = PBXFileReference; lastKnownFileType = file.storyboard; name = Base; path = Base.lproj/LaunchScreen.storyboard; sourceTree = "<group>"; };
		30CBFF6027AAE61C0027C97C /* Info.plist */ = {isa = PBXFileReference; lastKnownFileType = text.plist.xml; path = Info.plist; sourceTree = "<group>"; };
		30CBFF6727AAE73E0027C97C /* AppStep.swift */ = {isa = PBXFileReference; lastKnownFileType = sourcecode.swift; path = AppStep.swift; sourceTree = "<group>"; };
		30CBFF6B27AAE7EF0027C97C /* LoginViewController.swift */ = {isa = PBXFileReference; lastKnownFileType = sourcecode.swift; path = LoginViewController.swift; sourceTree = "<group>"; };
		30CBFF6C27AAE7EF0027C97C /* LoginViewController.xib */ = {isa = PBXFileReference; lastKnownFileType = file.xib; path = LoginViewController.xib; sourceTree = "<group>"; };
		30CBFF7027AAE88B0027C97C /* LoginFlow.swift */ = {isa = PBXFileReference; lastKnownFileType = sourcecode.swift; path = LoginFlow.swift; sourceTree = "<group>"; };
		3AC4A3EB9232588E767FAB04 /* Pods_simple_mvvm.framework */ = {isa = PBXFileReference; explicitFileType = wrapper.framework; includeInIndex = 0; path = Pods_simple_mvvm.framework; sourceTree = BUILT_PRODUCTS_DIR; };
		701F3E2292DB1E509C11ABF7 /* Pods-simple-mvvm.debug.xcconfig */ = {isa = PBXFileReference; includeInIndex = 1; lastKnownFileType = text.xcconfig; name = "Pods-simple-mvvm.debug.xcconfig"; path = "Target Support Files/Pods-simple-mvvm/Pods-simple-mvvm.debug.xcconfig"; sourceTree = "<group>"; };
		E58CA65B4694A87EE9D5D671 /* Pods-simple-mvvm.release.xcconfig */ = {isa = PBXFileReference; includeInIndex = 1; lastKnownFileType = text.xcconfig; name = "Pods-simple-mvvm.release.xcconfig"; path = "Target Support Files/Pods-simple-mvvm/Pods-simple-mvvm.release.xcconfig"; sourceTree = "<group>"; };
/* End PBXFileReference section */

/* Begin PBXFrameworksBuildPhase section */
		30CBFF4C27AAE61A0027C97C /* Frameworks */ = {
			isa = PBXFrameworksBuildPhase;
			buildActionMask = 2147483647;
			files = (
				B98CA256E8F165B40AFB902C /* Pods_simple_mvvm.framework in Frameworks */,
			);
			runOnlyForDeploymentPostprocessing = 0;
		};
/* End PBXFrameworksBuildPhase section */

/* Begin PBXGroup section */
		30CBFF4627AAE61A0027C97C = {
			isa = PBXGroup;
			children = (
				30CBFF5127AAE61A0027C97C /* simple-mvvm */,
				30CBFF5027AAE61A0027C97C /* Products */,
				C54EC68BCF85F77C1B29C30C /* Pods */,
				AB826148612F5F2D30F2BAE5 /* Frameworks */,
			);
			sourceTree = "<group>";
		};
		30CBFF5027AAE61A0027C97C /* Products */ = {
			isa = PBXGroup;
			children = (
				30CBFF4F27AAE61A0027C97C /* simple-mvvm.app */,
			);
			name = Products;
			sourceTree = "<group>";
		};
		30CBFF5127AAE61A0027C97C /* simple-mvvm */ = {
			isa = PBXGroup;
			children = (
				30CBFF6927AAE74D0027C97C /* Login */,
				30CBFF6627AAE7210027C97C /* Navigation */,
				30CBFF5227AAE61A0027C97C /* AppDelegate.swift */,
				30CBFF5427AAE61A0027C97C /* SceneDelegate.swift */,
				30CBFF5827AAE61A0027C97C /* Main.storyboard */,
				30CBFF5B27AAE61C0027C97C /* Assets.xcassets */,
				30CBFF5D27AAE61C0027C97C /* LaunchScreen.storyboard */,
				30CBFF6027AAE61C0027C97C /* Info.plist */,
			);
			path = "simple-mvvm";
			sourceTree = "<group>";
		};
		30CBFF6627AAE7210027C97C /* Navigation */ = {
			isa = PBXGroup;
			children = (
				30CBFF6F27AAE8190027C97C /* Flows */,
				30CBFF6727AAE73E0027C97C /* AppStep.swift */,
			);
			path = Navigation;
			sourceTree = "<group>";
		};
		30CBFF6927AAE74D0027C97C /* Login */ = {
			isa = PBXGroup;
			children = (
				30CBFF6A27AAE7630027C97C /* ViewControllers */,
			);
			path = Login;
			sourceTree = "<group>";
		};
		30CBFF6A27AAE7630027C97C /* ViewControllers */ = {
			isa = PBXGroup;
			children = (
				30CBFF6B27AAE7EF0027C97C /* LoginViewController.swift */,
				30CBFF6C27AAE7EF0027C97C /* LoginViewController.xib */,
			);
			path = ViewControllers;
			sourceTree = "<group>";
		};
		30CBFF6F27AAE8190027C97C /* Flows */ = {
			isa = PBXGroup;
			children = (
				30CBFF7027AAE88B0027C97C /* LoginFlow.swift */,
			);
			path = Flows;
			sourceTree = "<group>";
		};
		AB826148612F5F2D30F2BAE5 /* Frameworks */ = {
			isa = PBXGroup;
			children = (
				3AC4A3EB9232588E767FAB04 /* Pods_simple_mvvm.framework */,
			);
			name = Frameworks;
			sourceTree = "<group>";
		};
		C54EC68BCF85F77C1B29C30C /* Pods */ = {
			isa = PBXGroup;
			children = (
				701F3E2292DB1E509C11ABF7 /* Pods-simple-mvvm.debug.xcconfig */,
				E58CA65B4694A87EE9D5D671 /* Pods-simple-mvvm.release.xcconfig */,
			);
			path = Pods;
			sourceTree = "<group>";
		};
/* End PBXGroup section */

/* Begin PBXNativeTarget section */
		30CBFF4E27AAE61A0027C97C /* simple-mvvm */ = {
			isa = PBXNativeTarget;
			buildConfigurationList = 30CBFF6327AAE61C0027C97C /* Build configuration list for PBXNativeTarget "simple-mvvm" */;
			buildPhases = (
				8A906168F5C273E0FA2C217A /* [CP] Check Pods Manifest.lock */,
				30CBFF4B27AAE61A0027C97C /* Sources */,
				30CBFF4C27AAE61A0027C97C /* Frameworks */,
				30CBFF4D27AAE61A0027C97C /* Resources */,
				A93FB6498ED3D18AB481CA2B /* [CP] Embed Pods Frameworks */,
			);
			buildRules = (
			);
			dependencies = (
			);
			name = "simple-mvvm";
			productName = "simple-mvvm";
			productReference = 30CBFF4F27AAE61A0027C97C /* simple-mvvm.app */;
			productType = "com.apple.product-type.application";
		};
/* End PBXNativeTarget section */

/* Begin PBXProject section */
		30CBFF4727AAE61A0027C97C /* Project object */ = {
			isa = PBXProject;
			attributes = {
				BuildIndependentTargetsInParallel = 1;
				LastSwiftUpdateCheck = 1320;
				LastUpgradeCheck = 1320;
				TargetAttributes = {
					30CBFF4E27AAE61A0027C97C = {
						CreatedOnToolsVersion = 13.2.1;
					};
				};
			};
			buildConfigurationList = 30CBFF4A27AAE61A0027C97C /* Build configuration list for PBXProject "simple-mvvm" */;
			compatibilityVersion = "Xcode 13.0";
			developmentRegion = en;
			hasScannedForEncodings = 0;
			knownRegions = (
				en,
				Base,
			);
			mainGroup = 30CBFF4627AAE61A0027C97C;
			productRefGroup = 30CBFF5027AAE61A0027C97C /* Products */;
			projectDirPath = "";
			projectRoot = "";
			targets = (
				30CBFF4E27AAE61A0027C97C /* simple-mvvm */,
			);
		};
/* End PBXProject section */

/* Begin PBXResourcesBuildPhase section */
		30CBFF4D27AAE61A0027C97C /* Resources */ = {
			isa = PBXResourcesBuildPhase;
			buildActionMask = 2147483647;
			files = (
				30CBFF6E27AAE7EF0027C97C /* LoginViewController.xib in Resources */,
				30CBFF5F27AAE61C0027C97C /* LaunchScreen.storyboard in Resources */,
				30CBFF5C27AAE61C0027C97C /* Assets.xcassets in Resources */,
				30CBFF5A27AAE61A0027C97C /* Main.storyboard in Resources */,
			);
			runOnlyForDeploymentPostprocessing = 0;
		};
/* End PBXResourcesBuildPhase section */

/* Begin PBXShellScriptBuildPhase section */
		8A906168F5C273E0FA2C217A /* [CP] Check Pods Manifest.lock */ = {
			isa = PBXShellScriptBuildPhase;
			buildActionMask = 2147483647;
			files = (
			);
			inputFileListPaths = (
			);
			inputPaths = (
				"${PODS_PODFILE_DIR_PATH}/Podfile.lock",
				"${PODS_ROOT}/Manifest.lock",
			);
			name = "[CP] Check Pods Manifest.lock";
			outputFileListPaths = (
			);
			outputPaths = (
				"$(DERIVED_FILE_DIR)/Pods-simple-mvvm-checkManifestLockResult.txt",
			);
			runOnlyForDeploymentPostprocessing = 0;
			shellPath = /bin/sh;
			shellScript = "diff \"${PODS_PODFILE_DIR_PATH}/Podfile.lock\" \"${PODS_ROOT}/Manifest.lock\" > /dev/null\nif [ $? != 0 ] ; then\n    # print error to STDERR\n    echo \"error: The sandbox is not in sync with the Podfile.lock. Run 'pod install' or update your CocoaPods installation.\" >&2\n    exit 1\nfi\n# This output is used by Xcode 'outputs' to avoid re-running this script phase.\necho \"SUCCESS\" > \"${SCRIPT_OUTPUT_FILE_0}\"\n";
			showEnvVarsInLog = 0;
		};
		A93FB6498ED3D18AB481CA2B /* [CP] Embed Pods Frameworks */ = {
			isa = PBXShellScriptBuildPhase;
			buildActionMask = 2147483647;
			files = (
			);
			inputFileListPaths = (
				"${PODS_ROOT}/Target Support Files/Pods-simple-mvvm/Pods-simple-mvvm-frameworks-${CONFIGURATION}-input-files.xcfilelist",
			);
			name = "[CP] Embed Pods Frameworks";
			outputFileListPaths = (
				"${PODS_ROOT}/Target Support Files/Pods-simple-mvvm/Pods-simple-mvvm-frameworks-${CONFIGURATION}-output-files.xcfilelist",
			);
			runOnlyForDeploymentPostprocessing = 0;
			shellPath = /bin/sh;
			shellScript = "\"${PODS_ROOT}/Target Support Files/Pods-simple-mvvm/Pods-simple-mvvm-frameworks.sh\"\n";
			showEnvVarsInLog = 0;
		};
/* End PBXShellScriptBuildPhase section */

/* Begin PBXSourcesBuildPhase section */
		30CBFF4B27AAE61A0027C97C /* Sources */ = {
			isa = PBXSourcesBuildPhase;
			buildActionMask = 2147483647;
			files = (
				30CBFF7127AAE88B0027C97C /* LoginFlow.swift in Sources */,
				30CBFF6D27AAE7EF0027C97C /* LoginViewController.swift in Sources */,
				30CBFF6827AAE73E0027C97C /* AppStep.swift in Sources */,
				30CBFF5327AAE61A0027C97C /* AppDelegate.swift in Sources */,
				30CBFF5527AAE61A0027C97C /* SceneDelegate.swift in Sources */,
			);
			runOnlyForDeploymentPostprocessing = 0;
		};
/* End PBXSourcesBuildPhase section */

/* Begin PBXVariantGroup section */
		30CBFF5827AAE61A0027C97C /* Main.storyboard */ = {
			isa = PBXVariantGroup;
			children = (
				30CBFF5927AAE61A0027C97C /* Base */,
			);
			name = Main.storyboard;
			sourceTree = "<group>";
		};
		30CBFF5D27AAE61C0027C97C /* LaunchScreen.storyboard */ = {
			isa = PBXVariantGroup;
			children = (
				30CBFF5E27AAE61C0027C97C /* Base */,
			);
			name = LaunchScreen.storyboard;
			sourceTree = "<group>";
		};
/* End PBXVariantGroup section */

/* Begin XCBuildConfiguration section */
		30CBFF6127AAE61C0027C97C /* Debug */ = {
			isa = XCBuildConfiguration;
			buildSettings = {
				ALWAYS_SEARCH_USER_PATHS = NO;
				CLANG_ANALYZER_NONNULL = YES;
				CLANG_ANALYZER_NUMBER_OBJECT_CONVERSION = YES_AGGRESSIVE;
				CLANG_CXX_LANGUAGE_STANDARD = "gnu++17";
				CLANG_CXX_LIBRARY = "libc++";
				CLANG_ENABLE_MODULES = YES;
				CLANG_ENABLE_OBJC_ARC = YES;
				CLANG_ENABLE_OBJC_WEAK = YES;
				CLANG_WARN_BLOCK_CAPTURE_AUTORELEASING = YES;
				CLANG_WARN_BOOL_CONVERSION = YES;
				CLANG_WARN_COMMA = YES;
				CLANG_WARN_CONSTANT_CONVERSION = YES;
				CLANG_WARN_DEPRECATED_OBJC_IMPLEMENTATIONS = YES;
				CLANG_WARN_DIRECT_OBJC_ISA_USAGE = YES_ERROR;
				CLANG_WARN_DOCUMENTATION_COMMENTS = YES;
				CLANG_WARN_EMPTY_BODY = YES;
				CLANG_WARN_ENUM_CONVERSION = YES;
				CLANG_WARN_INFINITE_RECURSION = YES;
				CLANG_WARN_INT_CONVERSION = YES;
				CLANG_WARN_NON_LITERAL_NULL_CONVERSION = YES;
				CLANG_WARN_OBJC_IMPLICIT_RETAIN_SELF = YES;
				CLANG_WARN_OBJC_LITERAL_CONVERSION = YES;
				CLANG_WARN_OBJC_ROOT_CLASS = YES_ERROR;
				CLANG_WARN_QUOTED_INCLUDE_IN_FRAMEWORK_HEADER = YES;
				CLANG_WARN_RANGE_LOOP_ANALYSIS = YES;
				CLANG_WARN_STRICT_PROTOTYPES = YES;
				CLANG_WARN_SUSPICIOUS_MOVE = YES;
				CLANG_WARN_UNGUARDED_AVAILABILITY = YES_AGGRESSIVE;
				CLANG_WARN_UNREACHABLE_CODE = YES;
				CLANG_WARN__DUPLICATE_METHOD_MATCH = YES;
				COPY_PHASE_STRIP = NO;
				DEBUG_INFORMATION_FORMAT = dwarf;
				ENABLE_STRICT_OBJC_MSGSEND = YES;
				ENABLE_TESTABILITY = YES;
				GCC_C_LANGUAGE_STANDARD = gnu11;
				GCC_DYNAMIC_NO_PIC = NO;
				GCC_NO_COMMON_BLOCKS = YES;
				GCC_OPTIMIZATION_LEVEL = 0;
				GCC_PREPROCESSOR_DEFINITIONS = (
					"DEBUG=1",
					"$(inherited)",
				);
				GCC_WARN_64_TO_32_BIT_CONVERSION = YES;
				GCC_WARN_ABOUT_RETURN_TYPE = YES_ERROR;
				GCC_WARN_UNDECLARED_SELECTOR = YES;
				GCC_WARN_UNINITIALIZED_AUTOS = YES_AGGRESSIVE;
				GCC_WARN_UNUSED_FUNCTION = YES;
				GCC_WARN_UNUSED_VARIABLE = YES;
				IPHONEOS_DEPLOYMENT_TARGET = 15.2;
				MTL_ENABLE_DEBUG_INFO = INCLUDE_SOURCE;
				MTL_FAST_MATH = YES;
				ONLY_ACTIVE_ARCH = YES;
				SDKROOT = iphoneos;
				SWIFT_ACTIVE_COMPILATION_CONDITIONS = DEBUG;
				SWIFT_OPTIMIZATION_LEVEL = "-Onone";
			};
			name = Debug;
		};
		30CBFF6227AAE61C0027C97C /* Release */ = {
			isa = XCBuildConfiguration;
			buildSettings = {
				ALWAYS_SEARCH_USER_PATHS = NO;
				CLANG_ANALYZER_NONNULL = YES;
				CLANG_ANALYZER_NUMBER_OBJECT_CONVERSION = YES_AGGRESSIVE;
				CLANG_CXX_LANGUAGE_STANDARD = "gnu++17";
				CLANG_CXX_LIBRARY = "libc++";
				CLANG_ENABLE_MODULES = YES;
				CLANG_ENABLE_OBJC_ARC = YES;
				CLANG_ENABLE_OBJC_WEAK = YES;
				CLANG_WARN_BLOCK_CAPTURE_AUTORELEASING = YES;
				CLANG_WARN_BOOL_CONVERSION = YES;
				CLANG_WARN_COMMA = YES;
				CLANG_WARN_CONSTANT_CONVERSION = YES;
				CLANG_WARN_DEPRECATED_OBJC_IMPLEMENTATIONS = YES;
				CLANG_WARN_DIRECT_OBJC_ISA_USAGE = YES_ERROR;
				CLANG_WARN_DOCUMENTATION_COMMENTS = YES;
				CLANG_WARN_EMPTY_BODY = YES;
				CLANG_WARN_ENUM_CONVERSION = YES;
				CLANG_WARN_INFINITE_RECURSION = YES;
				CLANG_WARN_INT_CONVERSION = YES;
				CLANG_WARN_NON_LITERAL_NULL_CONVERSION = YES;
				CLANG_WARN_OBJC_IMPLICIT_RETAIN_SELF = YES;
				CLANG_WARN_OBJC_LITERAL_CONVERSION = YES;
				CLANG_WARN_OBJC_ROOT_CLASS = YES_ERROR;
				CLANG_WARN_QUOTED_INCLUDE_IN_FRAMEWORK_HEADER = YES;
				CLANG_WARN_RANGE_LOOP_ANALYSIS = YES;
				CLANG_WARN_STRICT_PROTOTYPES = YES;
				CLANG_WARN_SUSPICIOUS_MOVE = YES;
				CLANG_WARN_UNGUARDED_AVAILABILITY = YES_AGGRESSIVE;
				CLANG_WARN_UNREACHABLE_CODE = YES;
				CLANG_WARN__DUPLICATE_METHOD_MATCH = YES;
				COPY_PHASE_STRIP = NO;
				DEBUG_INFORMATION_FORMAT = "dwarf-with-dsym";
				ENABLE_NS_ASSERTIONS = NO;
				ENABLE_STRICT_OBJC_MSGSEND = YES;
				GCC_C_LANGUAGE_STANDARD = gnu11;
				GCC_NO_COMMON_BLOCKS = YES;
				GCC_WARN_64_TO_32_BIT_CONVERSION = YES;
				GCC_WARN_ABOUT_RETURN_TYPE = YES_ERROR;
				GCC_WARN_UNDECLARED_SELECTOR = YES;
				GCC_WARN_UNINITIALIZED_AUTOS = YES_AGGRESSIVE;
				GCC_WARN_UNUSED_FUNCTION = YES;
				GCC_WARN_UNUSED_VARIABLE = YES;
				IPHONEOS_DEPLOYMENT_TARGET = 15.2;
				MTL_ENABLE_DEBUG_INFO = NO;
				MTL_FAST_MATH = YES;
				SDKROOT = iphoneos;
				SWIFT_COMPILATION_MODE = wholemodule;
				SWIFT_OPTIMIZATION_LEVEL = "-O";
				VALIDATE_PRODUCT = YES;
			};
			name = Release;
		};
		30CBFF6427AAE61C0027C97C /* Debug */ = {
			isa = XCBuildConfiguration;
			baseConfigurationReference = 701F3E2292DB1E509C11ABF7 /* Pods-simple-mvvm.debug.xcconfig */;
			buildSettings = {
				ASSETCATALOG_COMPILER_APPICON_NAME = AppIcon;
				ASSETCATALOG_COMPILER_GLOBAL_ACCENT_COLOR_NAME = AccentColor;
				CODE_SIGN_STYLE = Automatic;
				CURRENT_PROJECT_VERSION = 1;
				DEVELOPMENT_TEAM = 6HDUFE5Y74;
				GENERATE_INFOPLIST_FILE = YES;
				INFOPLIST_FILE = "simple-mvvm/Info.plist";
				INFOPLIST_KEY_UIApplicationSupportsIndirectInputEvents = YES;
				INFOPLIST_KEY_UILaunchStoryboardName = LaunchScreen;
				INFOPLIST_KEY_UIMainStoryboardFile = Main;
				INFOPLIST_KEY_UISupportedInterfaceOrientations_iPad = "UIInterfaceOrientationPortrait UIInterfaceOrientationPortraitUpsideDown UIInterfaceOrientationLandscapeLeft UIInterfaceOrientationLandscapeRight";
				INFOPLIST_KEY_UISupportedInterfaceOrientations_iPhone = "UIInterfaceOrientationPortrait UIInterfaceOrientationLandscapeLeft UIInterfaceOrientationLandscapeRight";
				LD_RUNPATH_SEARCH_PATHS = (
					"$(inherited)",
					"@executable_path/Frameworks",
				);
				MARKETING_VERSION = 1.0;
				PRODUCT_BUNDLE_IDENTIFIER = "y-tree.simple-mvvm";
				PRODUCT_NAME = "$(TARGET_NAME)";
				SWIFT_EMIT_LOC_STRINGS = YES;
				SWIFT_VERSION = 5.0;
				TARGETED_DEVICE_FAMILY = "1,2";
			};
			name = Debug;
		};
		30CBFF6527AAE61C0027C97C /* Release */ = {
			isa = XCBuildConfiguration;
			baseConfigurationReference = E58CA65B4694A87EE9D5D671 /* Pods-simple-mvvm.release.xcconfig */;
			buildSettings = {
				ASSETCATALOG_COMPILER_APPICON_NAME = AppIcon;
				ASSETCATALOG_COMPILER_GLOBAL_ACCENT_COLOR_NAME = AccentColor;
				CODE_SIGN_STYLE = Automatic;
				CURRENT_PROJECT_VERSION = 1;
				DEVELOPMENT_TEAM = 6HDUFE5Y74;
				GENERATE_INFOPLIST_FILE = YES;
				INFOPLIST_FILE = "simple-mvvm/Info.plist";
				INFOPLIST_KEY_UIApplicationSupportsIndirectInputEvents = YES;
				INFOPLIST_KEY_UILaunchStoryboardName = LaunchScreen;
				INFOPLIST_KEY_UIMainStoryboardFile = Main;
				INFOPLIST_KEY_UISupportedInterfaceOrientations_iPad = "UIInterfaceOrientationPortrait UIInterfaceOrientationPortraitUpsideDown UIInterfaceOrientationLandscapeLeft UIInterfaceOrientationLandscapeRight";
				INFOPLIST_KEY_UISupportedInterfaceOrientations_iPhone = "UIInterfaceOrientationPortrait UIInterfaceOrientationLandscapeLeft UIInterfaceOrientationLandscapeRight";
				LD_RUNPATH_SEARCH_PATHS = (
					"$(inherited)",
					"@executable_path/Frameworks",
				);
				MARKETING_VERSION = 1.0;
				PRODUCT_BUNDLE_IDENTIFIER = "y-tree.simple-mvvm";
				PRODUCT_NAME = "$(TARGET_NAME)";
				SWIFT_EMIT_LOC_STRINGS = YES;
				SWIFT_VERSION = 5.0;
				TARGETED_DEVICE_FAMILY = "1,2";
			};
			name = Release;
		};
/* End XCBuildConfiguration section */

/* Begin XCConfigurationList section */
		30CBFF4A27AAE61A0027C97C /* Build configuration list for PBXProject "simple-mvvm" */ = {
			isa = XCConfigurationList;
			buildConfigurations = (
				30CBFF6127AAE61C0027C97C /* Debug */,
				30CBFF6227AAE61C0027C97C /* Release */,
			);
			defaultConfigurationIsVisible = 0;
			defaultConfigurationName = Release;
		};
		30CBFF6327AAE61C0027C97C /* Build configuration list for PBXNativeTarget "simple-mvvm" */ = {
			isa = XCConfigurationList;
			buildConfigurations = (
				30CBFF6427AAE61C0027C97C /* Debug */,
				30CBFF6527AAE61C0027C97C /* Release */,
			);
			defaultConfigurationIsVisible = 0;
			defaultConfigurationName = Release;
		};
/* End XCConfigurationList section */
	};
	rootObject = 30CBFF4727AAE61A0027C97C /* Project object */;
}
